
Microsoft Visual Studio Solution File, Format Version 12.00
# Visual Studio Version 17
VisualStudioVersion = 17.9.34723.18
MinimumVisualStudioVersion = 10.0.40219.1
Project("{FAE04EC0-301F-11D3-BF4B-00C04F79EFBC}") = "PersonelYonetimSistemiNew", "PersonelYonetimSistemiNew.csproj", "{1D08E8D1-BB9B-4F1B-BC10-AFFDDC5E053A}"
EndProject
Global
	GlobalSection(SolutionConfigurationPlatforms) = preSolution
		Debug|Any CPU = Debug|Any CPU
		Release|Any CPU = Release|Any CPU
	EndGlobalSection
	GlobalSection(ProjectConfigurationPlatforms) = postSolution
		{1D08E8D1-BB9B-4F1B-BC10-AFFDDC5E053A}.Debug|Any CPU.ActiveCfg = Debug|Any CPU
		{1D08E8D1-BB9B-4F1B-BC10-AFFDDC5E053A}.Debug|Any CPU.Build.0 = Debug|Any CPU
		{1D08E8D1-BB9B-4F1B-BC10-AFFDDC5E053A}.Release|Any CPU.ActiveCfg = Release|Any CPU
		{1D08E8D1-BB9B-4F1B-BC10-AFFDDC5E053A}.Release|Any CPU.Build.0 = Release|Any CPU
	EndGlobalSection
	GlobalSection(SolutionProperties) = preSolution
		HideSolutionNode = FALSE
	EndGlobalSection
	GlobalSection(ExtensibilityGlobals) = postSolution
		SolutionGuid = {C2CBE091-C8C3-497A-A105-E1A12D1DC8DE}
	EndGlobalSection
EndGlobal
